
Microsoft Visual Studio Solution File, Format Version 12.00
# Visual Studio Version 17
VisualStudioVersion = 17.5.002.0
MinimumVisualStudioVersion = 10.0.40219.1
Project("{9A19103F-16F7-4668-BE54-9A1E7A4F7556}") = "ProblemDetails", "ProblemDetails\ProblemDetails.csproj", "{B56A717D-48F5-4D02-9BC9-9474FC57C903}"
EndProject
Project("{FAE04EC0-301F-11D3-BF4B-00C04F79EFBC}") = "issue-58617", "issue-58617\issue-58617.csproj", "{54D53553-B232-4A92-B638-D4BCC900357E}"
EndProject
Project("{FAE04EC0-301F-11D3-BF4B-00C04F79EFBC}") = "Minimal-58617", "Minimal-58617\Minimal-58617.csproj", "{59B39F5B-BC89-4453-824D-D1D3D3D1BF5E}"
EndProject
Project("{FAE04EC0-301F-11D3-BF4B-00C04F79EFBC}") = "issue-58832", "issue-58832\issue-58832.csproj", "{292CBF9A-698B-47DD-8766-ECD46CC1B0BE}"
EndProject
Project("{FAE04EC0-301F-11D3-BF4B-00C04F79EFBC}") = "issue-58805", "issue-58805\issue-58805.csproj", "{82699917-954E-4252-86C2-D9CFF1285179}"
EndProject
Project("{FAE04EC0-301F-11D3-BF4B-00C04F79EFBC}") = "issue-59056", "issue-59056\issue-59056.csproj", "{D976E770-E353-4511-B0DE-6034B036EAC6}"
EndProject
Project("{FAE04EC0-301F-11D3-BF4B-00C04F79EFBC}") = "issue-59427", "issue-59427\issue-59427.csproj", "{02837CD2-41EB-48A9-93AF-21548E5BE792}"
EndProject
Project("{FAE04EC0-301F-11D3-BF4B-00C04F79EFBC}") = "issue-58882", "issue-58882\issue-58882.csproj", "{74295E4C-E263-4E47-B5B2-9B229C8D42C7}"
EndProject
Project("{FAE04EC0-301F-11D3-BF4B-00C04F79EFBC}") = "issue-59560", "issue-59560\issue-59560.csproj", "{D8612D37-860E-49F1-B773-E4397A6DB1CB}"
EndProject
Project("{FAE04EC0-301F-11D3-BF4B-00C04F79EFBC}") = "issue-59616", "issue-59616\issue-59616.csproj", "{F7D86B50-3057-4AB6-8889-780354779B71}"
EndProject
Project("{FAE04EC0-301F-11D3-BF4B-00C04F79EFBC}") = "issue-59042", "issue-59042\issue-59042.csproj", "{88AA6403-6788-4F7C-B1B9-F54E49697D4F}"
EndProject
Project("{FAE04EC0-301F-11D3-BF4B-00C04F79EFBC}") = "issue-59570", "issue-59570\issue-59570.csproj", "{AED2BC1A-3E45-42F3-8F6C-FB0DFC87A8B9}"
EndProject
Project("{FAE04EC0-301F-11D3-BF4B-00C04F79EFBC}") = "issue-59884", "issue-59884\issue-59884.csproj", "{F1467A13-4E92-4E7C-9A7A-ABEA959A0BB1}"
EndProject
Project("{FAE04EC0-301F-11D3-BF4B-00C04F79EFBC}") = "issue-59770", "issue-59770\issue-59770.csproj", "{F9DEAB66-3255-4C3D-AB74-8F17C3741753}"
EndProject
Project("{FAE04EC0-301F-11D3-BF4B-00C04F79EFBC}") = "issue-59969", "issue-59969\issue-59969.csproj", "{D0FE35EB-010F-4155-A70B-AA852823D842}"
EndProject
Project("{FAE04EC0-301F-11D3-BF4B-00C04F79EFBC}") = "issue-11544", "issue-11544\issue-11544.csproj", "{2C5BB9A2-9C7C-4E13-9CBD-FC96F07B3471}"
EndProject
Project("{FAE04EC0-301F-11D3-BF4B-00C04F79EFBC}") = "issue-11544-mvc", "issue-11544-mvc\issue-11544-mvc.csproj", "{30823E20-EDD5-49CA-8B04-0DDC3AF9F488}"
EndProject
Global
	GlobalSection(SolutionConfigurationPlatforms) = preSolution
		Debug|Any CPU = Debug|Any CPU
		Release|Any CPU = Release|Any CPU
	EndGlobalSection
	GlobalSection(ProjectConfigurationPlatforms) = postSolution
		{B56A717D-48F5-4D02-9BC9-9474FC57C903}.Debug|Any CPU.ActiveCfg = Debug|Any CPU
		{B56A717D-48F5-4D02-9BC9-9474FC57C903}.Debug|Any CPU.Build.0 = Debug|Any CPU
		{B56A717D-48F5-4D02-9BC9-9474FC57C903}.Release|Any CPU.ActiveCfg = Release|Any CPU
		{B56A717D-48F5-4D02-9BC9-9474FC57C903}.Release|Any CPU.Build.0 = Release|Any CPU
		{54D53553-B232-4A92-B638-D4BCC900357E}.Debug|Any CPU.ActiveCfg = Debug|Any CPU
		{54D53553-B232-4A92-B638-D4BCC900357E}.Debug|Any CPU.Build.0 = Debug|Any CPU
		{54D53553-B232-4A92-B638-D4BCC900357E}.Release|Any CPU.ActiveCfg = Release|Any CPU
		{54D53553-B232-4A92-B638-D4BCC900357E}.Release|Any CPU.Build.0 = Release|Any CPU
		{59B39F5B-BC89-4453-824D-D1D3D3D1BF5E}.Debug|Any CPU.ActiveCfg = Debug|Any CPU
		{59B39F5B-BC89-4453-824D-D1D3D3D1BF5E}.Debug|Any CPU.Build.0 = Debug|Any CPU
		{59B39F5B-BC89-4453-824D-D1D3D3D1BF5E}.Release|Any CPU.ActiveCfg = Release|Any CPU
		{59B39F5B-BC89-4453-824D-D1D3D3D1BF5E}.Release|Any CPU.Build.0 = Release|Any CPU
		{292CBF9A-698B-47DD-8766-ECD46CC1B0BE}.Debug|Any CPU.ActiveCfg = Debug|Any CPU
		{292CBF9A-698B-47DD-8766-ECD46CC1B0BE}.Debug|Any CPU.Build.0 = Debug|Any CPU
		{292CBF9A-698B-47DD-8766-ECD46CC1B0BE}.Release|Any CPU.ActiveCfg = Release|Any CPU
		{292CBF9A-698B-47DD-8766-ECD46CC1B0BE}.Release|Any CPU.Build.0 = Release|Any CPU
		{82699917-954E-4252-86C2-D9CFF1285179}.Debug|Any CPU.ActiveCfg = Debug|Any CPU
		{82699917-954E-4252-86C2-D9CFF1285179}.Debug|Any CPU.Build.0 = Debug|Any CPU
		{82699917-954E-4252-86C2-D9CFF1285179}.Release|Any CPU.ActiveCfg = Release|Any CPU
		{82699917-954E-4252-86C2-D9CFF1285179}.Release|Any CPU.Build.0 = Release|Any CPU
		{D976E770-E353-4511-B0DE-6034B036EAC6}.Debug|Any CPU.ActiveCfg = Debug|Any CPU
		{D976E770-E353-4511-B0DE-6034B036EAC6}.Debug|Any CPU.Build.0 = Debug|Any CPU
		{D976E770-E353-4511-B0DE-6034B036EAC6}.Release|Any CPU.ActiveCfg = Release|Any CPU
		{D976E770-E353-4511-B0DE-6034B036EAC6}.Release|Any CPU.Build.0 = Release|Any CPU
		{02837CD2-41EB-48A9-93AF-21548E5BE792}.Debug|Any CPU.ActiveCfg = Debug|Any CPU
		{02837CD2-41EB-48A9-93AF-21548E5BE792}.Debug|Any CPU.Build.0 = Debug|Any CPU
		{02837CD2-41EB-48A9-93AF-21548E5BE792}.Release|Any CPU.ActiveCfg = Release|Any CPU
		{02837CD2-41EB-48A9-93AF-21548E5BE792}.Release|Any CPU.Build.0 = Release|Any CPU
		{74295E4C-E263-4E47-B5B2-9B229C8D42C7}.Debug|Any CPU.ActiveCfg = Debug|Any CPU
		{74295E4C-E263-4E47-B5B2-9B229C8D42C7}.Debug|Any CPU.Build.0 = Debug|Any CPU
		{74295E4C-E263-4E47-B5B2-9B229C8D42C7}.Release|Any CPU.ActiveCfg = Release|Any CPU
		{74295E4C-E263-4E47-B5B2-9B229C8D42C7}.Release|Any CPU.Build.0 = Release|Any CPU
		{D8612D37-860E-49F1-B773-E4397A6DB1CB}.Debug|Any CPU.ActiveCfg = Debug|Any CPU
		{D8612D37-860E-49F1-B773-E4397A6DB1CB}.Debug|Any CPU.Build.0 = Debug|Any CPU
		{D8612D37-860E-49F1-B773-E4397A6DB1CB}.Release|Any CPU.ActiveCfg = Release|Any CPU
		{D8612D37-860E-49F1-B773-E4397A6DB1CB}.Release|Any CPU.Build.0 = Release|Any CPU
		{F7D86B50-3057-4AB6-8889-780354779B71}.Debug|Any CPU.ActiveCfg = Debug|Any CPU
		{F7D86B50-3057-4AB6-8889-780354779B71}.Debug|Any CPU.Build.0 = Debug|Any CPU
		{F7D86B50-3057-4AB6-8889-780354779B71}.Release|Any CPU.ActiveCfg = Release|Any CPU
		{F7D86B50-3057-4AB6-8889-780354779B71}.Release|Any CPU.Build.0 = Release|Any CPU
		{88AA6403-6788-4F7C-B1B9-F54E49697D4F}.Debug|Any CPU.ActiveCfg = Debug|Any CPU
		{88AA6403-6788-4F7C-B1B9-F54E49697D4F}.Debug|Any CPU.Build.0 = Debug|Any CPU
		{88AA6403-6788-4F7C-B1B9-F54E49697D4F}.Release|Any CPU.ActiveCfg = Release|Any CPU
		{88AA6403-6788-4F7C-B1B9-F54E49697D4F}.Release|Any CPU.Build.0 = Release|Any CPU
		{AED2BC1A-3E45-42F3-8F6C-FB0DFC87A8B9}.Debug|Any CPU.ActiveCfg = Debug|Any CPU
		{AED2BC1A-3E45-42F3-8F6C-FB0DFC87A8B9}.Debug|Any CPU.Build.0 = Debug|Any CPU
		{AED2BC1A-3E45-42F3-8F6C-FB0DFC87A8B9}.Release|Any CPU.ActiveCfg = Release|Any CPU
		{AED2BC1A-3E45-42F3-8F6C-FB0DFC87A8B9}.Release|Any CPU.Build.0 = Release|Any CPU
		{F1467A13-4E92-4E7C-9A7A-ABEA959A0BB1}.Debug|Any CPU.ActiveCfg = Debug|Any CPU
		{F1467A13-4E92-4E7C-9A7A-ABEA959A0BB1}.Debug|Any CPU.Build.0 = Debug|Any CPU
		{F1467A13-4E92-4E7C-9A7A-ABEA959A0BB1}.Release|Any CPU.ActiveCfg = Release|Any CPU
		{F1467A13-4E92-4E7C-9A7A-ABEA959A0BB1}.Release|Any CPU.Build.0 = Release|Any CPU
		{F9DEAB66-3255-4C3D-AB74-8F17C3741753}.Debug|Any CPU.ActiveCfg = Debug|Any CPU
		{F9DEAB66-3255-4C3D-AB74-8F17C3741753}.Debug|Any CPU.Build.0 = Debug|Any CPU
		{F9DEAB66-3255-4C3D-AB74-8F17C3741753}.Release|Any CPU.ActiveCfg = Release|Any CPU
		{F9DEAB66-3255-4C3D-AB74-8F17C3741753}.Release|Any CPU.Build.0 = Release|Any CPU
		{D0FE35EB-010F-4155-A70B-AA852823D842}.Debug|Any CPU.ActiveCfg = Debug|Any CPU
		{D0FE35EB-010F-4155-A70B-AA852823D842}.Debug|Any CPU.Build.0 = Debug|Any CPU
		{D0FE35EB-010F-4155-A70B-AA852823D842}.Release|Any CPU.ActiveCfg = Release|Any CPU
		{D0FE35EB-010F-4155-A70B-AA852823D842}.Release|Any CPU.Build.0 = Release|Any CPU
		{2C5BB9A2-9C7C-4E13-9CBD-FC96F07B3471}.Debug|Any CPU.ActiveCfg = Debug|Any CPU
		{2C5BB9A2-9C7C-4E13-9CBD-FC96F07B3471}.Debug|Any CPU.Build.0 = Debug|Any CPU
		{2C5BB9A2-9C7C-4E13-9CBD-FC96F07B3471}.Release|Any CPU.ActiveCfg = Release|Any CPU
		{2C5BB9A2-9C7C-4E13-9CBD-FC96F07B3471}.Release|Any CPU.Build.0 = Release|Any CPU
		{30823E20-EDD5-49CA-8B04-0DDC3AF9F488}.Debug|Any CPU.ActiveCfg = Debug|Any CPU
		{30823E20-EDD5-49CA-8B04-0DDC3AF9F488}.Debug|Any CPU.Build.0 = Debug|Any CPU
		{30823E20-EDD5-49CA-8B04-0DDC3AF9F488}.Release|Any CPU.ActiveCfg = Release|Any CPU
		{30823E20-EDD5-49CA-8B04-0DDC3AF9F488}.Release|Any CPU.Build.0 = Release|Any CPU
	EndGlobalSection
	GlobalSection(SolutionProperties) = preSolution
		HideSolutionNode = FALSE
	EndGlobalSection
	GlobalSection(ExtensibilityGlobals) = postSolution
		SolutionGuid = {824D3343-70EE-44FA-AFFC-BDBA9B7E4029}
	EndGlobalSection
EndGlobal
